{
  "name": "@laituri/dynamic-form",
  "version": "0.0.17-alpha.0",
  "lockfileVersion": 1,
  "requires": true,
  "dependencies": {
    "@alusta/image": {
      "version": "0.3.4",
      "resolved": "https://registry.npmjs.org/@alusta/image/-/image-0.3.4.tgz",
      "integrity": "sha512-YtYIXEib/x+SwDbWB1ipW67d5N8fWodABEkMwfoBqkqsspEjCsOF0nWc5jAX+Nl6dlhj6b8M3SM8eCQvCH+0tQ=="
    }
  }
}
